
Microsoft Visual Studio Solution File, Format Version 12.00
# Visual Studio Version 17
VisualStudioVersion = 17.10.35027.167
MinimumVisualStudioVersion = 10.0.40219.1
Project("{FAE04EC0-301F-11D3-BF4B-00C04F79EFBC}") = "Practica sobe el refactoring del código utilizando generics", "Practica sobe el refactoring del código utilizando generics.csproj", "{970D0E21-4AD4-4057-BA7E-753304725A85}"
EndProject
Global
	GlobalSection(SolutionConfigurationPlatforms) = preSolution
		Debug|Any CPU = Debug|Any CPU
		Release|Any CPU = Release|Any CPU
	EndGlobalSection
	GlobalSection(ProjectConfigurationPlatforms) = postSolution
		{970D0E21-4AD4-4057-BA7E-753304725A85}.Debug|Any CPU.ActiveCfg = Debug|Any CPU
		{970D0E21-4AD4-4057-BA7E-753304725A85}.Debug|Any CPU.Build.0 = Debug|Any CPU
		{970D0E21-4AD4-4057-BA7E-753304725A85}.Release|Any CPU.ActiveCfg = Release|Any CPU
		{970D0E21-4AD4-4057-BA7E-753304725A85}.Release|Any CPU.Build.0 = Release|Any CPU
	EndGlobalSection
	GlobalSection(SolutionProperties) = preSolution
		HideSolutionNode = FALSE
	EndGlobalSection
	GlobalSection(ExtensibilityGlobals) = postSolution
		SolutionGuid = {8C5A8650-33D8-468E-BA8B-7E5AC0CE65E6}
	EndGlobalSection
EndGlobal
